// !$*UTF8*$!
{
	archiveVersion = 1;
	classes = {
	};
	objectVersion = 56;
	objects = {

/* Begin PBXBuildFile section */
		EE0579172C1B301600B7F2C7 /* GameView.swift in Sources */ = {isa = PBXBuildFile; fileRef = EE0579162C1B301600B7F2C7 /* GameView.swift */; };
		EEB16CCC2C1C753C00166018 /* DrawingView.swift in Sources */ = {isa = PBXBuildFile; fileRef = EEB16CCB2C1C753C00166018 /* DrawingView.swift */; };
		EED88CC92C19D5E6005E6CD0 /* AppDelegate.swift in Sources */ = {isa = PBXBuildFile; fileRef = EED88CC82C19D5E6005E6CD0 /* AppDelegate.swift */; };
		EED88CCB2C19D5E6005E6CD0 /* SceneDelegate.swift in Sources */ = {isa = PBXBuildFile; fileRef = EED88CCA2C19D5E6005E6CD0 /* SceneDelegate.swift */; };
		EED88CCD2C19D5E6005E6CD0 /* ViewController.swift in Sources */ = {isa = PBXBuildFile; fileRef = EED88CCC2C19D5E6005E6CD0 /* ViewController.swift */; };
		EED88CD02C19D5E6005E6CD0 /* Main.storyboard in Resources */ = {isa = PBXBuildFile; fileRef = EED88CCE2C19D5E6005E6CD0 /* Main.storyboard */; };
		EED88CD22C19D5E7005E6CD0 /* Assets.xcassets in Resources */ = {isa = PBXBuildFile; fileRef = EED88CD12C19D5E7005E6CD0 /* Assets.xcassets */; };
		EED88CD52C19D5E7005E6CD0 /* LaunchScreen.storyboard in Resources */ = {isa = PBXBuildFile; fileRef = EED88CD32C19D5E7005E6CD0 /* LaunchScreen.storyboard */; };
		EED88CDD2C19D83A005E6CD0 /* MatchManager.swift in Sources */ = {isa = PBXBuildFile; fileRef = EED88CDC2C19D83A005E6CD0 /* MatchManager.swift */; };
		EED88CDF2C19D849005E6CD0 /* MenuView.swift in Sources */ = {isa = PBXBuildFile; fileRef = EED88CDE2C19D849005E6CD0 /* MenuView.swift */; };
		EED88CE32C19D867005E6CD0 /* Misc.swift in Sources */ = {isa = PBXBuildFile; fileRef = EED88CE22C19D867005E6CD0 /* Misc.swift */; };
		EED88CE52C19F6C8005E6CD0 /* ButtonView.swift in Sources */ = {isa = PBXBuildFile; fileRef = EED88CE42C19F6C8005E6CD0 /* ButtonView.swift */; };
		EED88CE72C19FFDF005E6CD0 /* GameOverView.swift in Sources */ = {isa = PBXBuildFile; fileRef = EED88CE62C19FFDF005E6CD0 /* GameOverView.swift */; };
/* End PBXBuildFile section */

/* Begin PBXFileReference section */
		EE0579162C1B301600B7F2C7 /* GameView.swift */ = {isa = PBXFileReference; lastKnownFileType = sourcecode.swift; path = GameView.swift; sourceTree = "<group>"; tabWidth = 4; };
		EEB16CCB2C1C753C00166018 /* DrawingView.swift */ = {isa = PBXFileReference; lastKnownFileType = sourcecode.swift; path = DrawingView.swift; sourceTree = "<group>"; };
		EED88CC52C19D5E6005E6CD0 /* Guess The Doodle.app */ = {isa = PBXFileReference; explicitFileType = wrapper.application; includeInIndex = 0; path = "Guess The Doodle.app"; sourceTree = BUILT_PRODUCTS_DIR; };
		EED88CC82C19D5E6005E6CD0 /* AppDelegate.swift */ = {isa = PBXFileReference; lastKnownFileType = sourcecode.swift; path = AppDelegate.swift; sourceTree = "<group>"; };
		EED88CCA2C19D5E6005E6CD0 /* SceneDelegate.swift */ = {isa = PBXFileReference; lastKnownFileType = sourcecode.swift; path = SceneDelegate.swift; sourceTree = "<group>"; };
		EED88CCC2C19D5E6005E6CD0 /* ViewController.swift */ = {isa = PBXFileReference; lastKnownFileType = sourcecode.swift; path = ViewController.swift; sourceTree = "<group>"; };
		EED88CCF2C19D5E6005E6CD0 /* Base */ = {isa = PBXFileReference; lastKnownFileType = file.storyboard; name = Base; path = Base.lproj/Main.storyboard; sourceTree = "<group>"; };
		EED88CD12C19D5E7005E6CD0 /* Assets.xcassets */ = {isa = PBXFileReference; lastKnownFileType = folder.assetcatalog; path = Assets.xcassets; sourceTree = "<group>"; };
		EED88CD42C19D5E7005E6CD0 /* Base */ = {isa = PBXFileReference; lastKnownFileType = file.storyboard; name = Base; path = Base.lproj/LaunchScreen.storyboard; sourceTree = "<group>"; };
		EED88CD62C19D5E7005E6CD0 /* Info.plist */ = {isa = PBXFileReference; lastKnownFileType = text.plist.xml; path = Info.plist; sourceTree = "<group>"; };
		EED88CDC2C19D83A005E6CD0 /* MatchManager.swift */ = {isa = PBXFileReference; lastKnownFileType = sourcecode.swift; path = MatchManager.swift; sourceTree = "<group>"; };
		EED88CDE2C19D849005E6CD0 /* MenuView.swift */ = {isa = PBXFileReference; lastKnownFileType = sourcecode.swift; path = MenuView.swift; sourceTree = "<group>"; };
		EED88CE22C19D867005E6CD0 /* Misc.swift */ = {isa = PBXFileReference; lastKnownFileType = sourcecode.swift; path = Misc.swift; sourceTree = "<group>"; };
		EED88CE42C19F6C8005E6CD0 /* ButtonView.swift */ = {isa = PBXFileReference; lastKnownFileType = sourcecode.swift; path = ButtonView.swift; sourceTree = "<group>"; };
		EED88CE62C19FFDF005E6CD0 /* GameOverView.swift */ = {isa = PBXFileReference; lastKnownFileType = sourcecode.swift; path = GameOverView.swift; sourceTree = "<group>"; };
/* End PBXFileReference section */

/* Begin PBXFrameworksBuildPhase section */
		EED88CC22C19D5E6005E6CD0 /* Frameworks */ = {
			isa = PBXFrameworksBuildPhase;
			buildActionMask = 2147483647;
			files = (
			);
			runOnlyForDeploymentPostprocessing = 0;
		};
/* End PBXFrameworksBuildPhase section */

/* Begin PBXGroup section */
		EED88CBC2C19D5E6005E6CD0 = {
			isa = PBXGroup;
			children = (
				EED88CC72C19D5E6005E6CD0 /* Guess The Doodle */,
				EED88CC62C19D5E6005E6CD0 /* Products */,
			);
			sourceTree = "<group>";
		};
		EED88CC62C19D5E6005E6CD0 /* Products */ = {
			isa = PBXGroup;
			children = (
				EED88CC52C19D5E6005E6CD0 /* Guess The Doodle.app */,
			);
			name = Products;
			sourceTree = "<group>";
		};
		EED88CC72C19D5E6005E6CD0 /* Guess The Doodle */ = {
			isa = PBXGroup;
			children = (
				EED88CC82C19D5E6005E6CD0 /* AppDelegate.swift */,
				EED88CCA2C19D5E6005E6CD0 /* SceneDelegate.swift */,
				EED88CCC2C19D5E6005E6CD0 /* ViewController.swift */,
				EED88CCE2C19D5E6005E6CD0 /* Main.storyboard */,
				EED88CD12C19D5E7005E6CD0 /* Assets.xcassets */,
				EED88CD32C19D5E7005E6CD0 /* LaunchScreen.storyboard */,
				EED88CD62C19D5E7005E6CD0 /* Info.plist */,
				EED88CDC2C19D83A005E6CD0 /* MatchManager.swift */,
				EED88CDE2C19D849005E6CD0 /* MenuView.swift */,
				EED88CE22C19D867005E6CD0 /* Misc.swift */,
				EED88CE42C19F6C8005E6CD0 /* ButtonView.swift */,
				EED88CE62C19FFDF005E6CD0 /* GameOverView.swift */,
				EE0579162C1B301600B7F2C7 /* GameView.swift */,
				EEB16CCB2C1C753C00166018 /* DrawingView.swift */,
			);
			path = "Guess The Doodle";
			sourceTree = "<group>";
		};
/* End PBXGroup section */

/* Begin PBXNativeTarget section */
		EED88CC42C19D5E6005E6CD0 /* Guess The Doodle */ = {
			isa = PBXNativeTarget;
			buildConfigurationList = EED88CD92C19D5E7005E6CD0 /* Build configuration list for PBXNativeTarget "Guess The Doodle" */;
			buildPhases = (
				EED88CC12C19D5E6005E6CD0 /* Sources */,
				EED88CC22C19D5E6005E6CD0 /* Frameworks */,
				EED88CC32C19D5E6005E6CD0 /* Resources */,
			);
			buildRules = (
			);
			dependencies = (
			);
			name = "Guess The Doodle";
			productName = "Guess The Doodle";
			productReference = EED88CC52C19D5E6005E6CD0 /* Guess The Doodle.app */;
			productType = "com.apple.product-type.application";
		};
/* End PBXNativeTarget section */

/* Begin PBXProject section */
		EED88CBD2C19D5E6005E6CD0 /* Project object */ = {
			isa = PBXProject;
			attributes = {
				BuildIndependentTargetsInParallel = 1;
				LastSwiftUpdateCheck = 1430;
				LastUpgradeCheck = 1430;
				TargetAttributes = {
					EED88CC42C19D5E6005E6CD0 = {
						CreatedOnToolsVersion = 14.3.1;
					};
				};
			};
			buildConfigurationList = EED88CC02C19D5E6005E6CD0 /* Build configuration list for PBXProject "Guess The Doodle" */;
			compatibilityVersion = "Xcode 14.0";
			developmentRegion = en;
			hasScannedForEncodings = 0;
			knownRegions = (
				en,
				Base,
			);
			mainGroup = EED88CBC2C19D5E6005E6CD0;
			productRefGroup = EED88CC62C19D5E6005E6CD0 /* Products */;
			projectDirPath = "";
			projectRoot = "";
			targets = (
				EED88CC42C19D5E6005E6CD0 /* Guess The Doodle */,
			);
		};
/* End PBXProject section */

/* Begin PBXResourcesBuildPhase section */
		EED88CC32C19D5E6005E6CD0 /* Resources */ = {
			isa = PBXResourcesBuildPhase;
			buildActionMask = 2147483647;
			files = (
				EED88CD52C19D5E7005E6CD0 /* LaunchScreen.storyboard in Resources */,
				EED88CD22C19D5E7005E6CD0 /* Assets.xcassets in Resources */,
				EED88CD02C19D5E6005E6CD0 /* Main.storyboard in Resources */,
			);
			runOnlyForDeploymentPostprocessing = 0;
		};
/* End PBXResourcesBuildPhase section */

/* Begin PBXSourcesBuildPhase section */
		EED88CC12C19D5E6005E6CD0 /* Sources */ = {
			isa = PBXSourcesBuildPhase;
			buildActionMask = 2147483647;
			files = (
				EED88CDF2C19D849005E6CD0 /* MenuView.swift in Sources */,
				EED88CCD2C19D5E6005E6CD0 /* ViewController.swift in Sources */,
				EED88CDD2C19D83A005E6CD0 /* MatchManager.swift in Sources */,
				EED88CE32C19D867005E6CD0 /* Misc.swift in Sources */,
				EE0579172C1B301600B7F2C7 /* GameView.swift in Sources */,
				EED88CC92C19D5E6005E6CD0 /* AppDelegate.swift in Sources */,
				EED88CCB2C19D5E6005E6CD0 /* SceneDelegate.swift in Sources */,
				EEB16CCC2C1C753C00166018 /* DrawingView.swift in Sources */,
				EED88CE72C19FFDF005E6CD0 /* GameOverView.swift in Sources */,
				EED88CE52C19F6C8005E6CD0 /* ButtonView.swift in Sources */,
			);
			runOnlyForDeploymentPostprocessing = 0;
		};
/* End PBXSourcesBuildPhase section */

/* Begin PBXVariantGroup section */
		EED88CCE2C19D5E6005E6CD0 /* Main.storyboard */ = {
			isa = PBXVariantGroup;
			children = (
				EED88CCF2C19D5E6005E6CD0 /* Base */,
			);
			name = Main.storyboard;
			sourceTree = "<group>";
		};
		EED88CD32C19D5E7005E6CD0 /* LaunchScreen.storyboard */ = {
			isa = PBXVariantGroup;
			children = (
				EED88CD42C19D5E7005E6CD0 /* Base */,
			);
			name = LaunchScreen.storyboard;
			sourceTree = "<group>";
		};
/* End PBXVariantGroup section */

/* Begin XCBuildConfiguration section */
		EED88CD72C19D5E7005E6CD0 /* Debug */ = {
			isa = XCBuildConfiguration;
			buildSettings = {
				ALWAYS_SEARCH_USER_PATHS = NO;
				CLANG_ANALYZER_NONNULL = YES;
				CLANG_ANALYZER_NUMBER_OBJECT_CONVERSION = YES_AGGRESSIVE;
				CLANG_CXX_LANGUAGE_STANDARD = "gnu++20";
				CLANG_ENABLE_MODULES = YES;
				CLANG_ENABLE_OBJC_ARC = YES;
				CLANG_ENABLE_OBJC_WEAK = YES;
				CLANG_WARN_BLOCK_CAPTURE_AUTORELEASING = YES;
				CLANG_WARN_BOOL_CONVERSION = YES;
				CLANG_WARN_COMMA = YES;
				CLANG_WARN_CONSTANT_CONVERSION = YES;
				CLANG_WARN_DEPRECATED_OBJC_IMPLEMENTATIONS = YES;
				CLANG_WARN_DIRECT_OBJC_ISA_USAGE = YES_ERROR;
				CLANG_WARN_DOCUMENTATION_COMMENTS = YES;
				CLANG_WARN_EMPTY_BODY = YES;
				CLANG_WARN_ENUM_CONVERSION = YES;
				CLANG_WARN_INFINITE_RECURSION = YES;
				CLANG_WARN_INT_CONVERSION = YES;
				CLANG_WARN_NON_LITERAL_NULL_CONVERSION = YES;
				CLANG_WARN_OBJC_IMPLICIT_RETAIN_SELF = YES;
				CLANG_WARN_OBJC_LITERAL_CONVERSION = YES;
				CLANG_WARN_OBJC_ROOT_CLASS = YES_ERROR;
				CLANG_WARN_QUOTED_INCLUDE_IN_FRAMEWORK_HEADER = YES;
				CLANG_WARN_RANGE_LOOP_ANALYSIS = YES;
				CLANG_WARN_STRICT_PROTOTYPES = YES;
				CLANG_WARN_SUSPICIOUS_MOVE = YES;
				CLANG_WARN_UNGUARDED_AVAILABILITY = YES_AGGRESSIVE;
				CLANG_WARN_UNREACHABLE_CODE = YES;
				CLANG_WARN__DUPLICATE_METHOD_MATCH = YES;
				COPY_PHASE_STRIP = NO;
				DEBUG_INFORMATION_FORMAT = dwarf;
				ENABLE_STRICT_OBJC_MSGSEND = YES;
				ENABLE_TESTABILITY = YES;
				GCC_C_LANGUAGE_STANDARD = gnu11;
				GCC_DYNAMIC_NO_PIC = NO;
				GCC_NO_COMMON_BLOCKS = YES;
				GCC_OPTIMIZATION_LEVEL = 0;
				GCC_PREPROCESSOR_DEFINITIONS = (
					"DEBUG=1",
					"$(inherited)",
				);
				GCC_WARN_64_TO_32_BIT_CONVERSION = YES;
				GCC_WARN_ABOUT_RETURN_TYPE = YES_ERROR;
				GCC_WARN_UNDECLARED_SELECTOR = YES;
				GCC_WARN_UNINITIALIZED_AUTOS = YES_AGGRESSIVE;
				GCC_WARN_UNUSED_FUNCTION = YES;
				GCC_WARN_UNUSED_VARIABLE = YES;
				IPHONEOS_DEPLOYMENT_TARGET = 16.4;
				MTL_ENABLE_DEBUG_INFO = INCLUDE_SOURCE;
				MTL_FAST_MATH = YES;
				ONLY_ACTIVE_ARCH = YES;
				SDKROOT = iphoneos;
				SWIFT_ACTIVE_COMPILATION_CONDITIONS = DEBUG;
				SWIFT_OPTIMIZATION_LEVEL = "-Onone";
			};
			name = Debug;
		};
		EED88CD82C19D5E7005E6CD0 /* Release */ = {
			isa = XCBuildConfiguration;
			buildSettings = {
				ALWAYS_SEARCH_USER_PATHS = NO;
				CLANG_ANALYZER_NONNULL = YES;
				CLANG_ANALYZER_NUMBER_OBJECT_CONVERSION = YES_AGGRESSIVE;
				CLANG_CXX_LANGUAGE_STANDARD = "gnu++20";
				CLANG_ENABLE_MODULES = YES;
				CLANG_ENABLE_OBJC_ARC = YES;
				CLANG_ENABLE_OBJC_WEAK = YES;
				CLANG_WARN_BLOCK_CAPTURE_AUTORELEASING = YES;
				CLANG_WARN_BOOL_CONVERSION = YES;
				CLANG_WARN_COMMA = YES;
				CLANG_WARN_CONSTANT_CONVERSION = YES;
				CLANG_WARN_DEPRECATED_OBJC_IMPLEMENTATIONS = YES;
				CLANG_WARN_DIRECT_OBJC_ISA_USAGE = YES_ERROR;
				CLANG_WARN_DOCUMENTATION_COMMENTS = YES;
				CLANG_WARN_EMPTY_BODY = YES;
				CLANG_WARN_ENUM_CONVERSION = YES;
				CLANG_WARN_INFINITE_RECURSION = YES;
				CLANG_WARN_INT_CONVERSION = YES;
				CLANG_WARN_NON_LITERAL_NULL_CONVERSION = YES;
				CLANG_WARN_OBJC_IMPLICIT_RETAIN_SELF = YES;
				CLANG_WARN_OBJC_LITERAL_CONVERSION = YES;
				CLANG_WARN_OBJC_ROOT_CLASS = YES_ERROR;
				CLANG_WARN_QUOTED_INCLUDE_IN_FRAMEWORK_HEADER = YES;
				CLANG_WARN_RANGE_LOOP_ANALYSIS = YES;
				CLANG_WARN_STRICT_PROTOTYPES = YES;
				CLANG_WARN_SUSPICIOUS_MOVE = YES;
				CLANG_WARN_UNGUARDED_AVAILABILITY = YES_AGGRESSIVE;
				CLANG_WARN_UNREACHABLE_CODE = YES;
				CLANG_WARN__DUPLICATE_METHOD_MATCH = YES;
				COPY_PHASE_STRIP = NO;
				DEBUG_INFORMATION_FORMAT = "dwarf-with-dsym";
				ENABLE_NS_ASSERTIONS = NO;
				ENABLE_STRICT_OBJC_MSGSEND = YES;
				GCC_C_LANGUAGE_STANDARD = gnu11;
				GCC_NO_COMMON_BLOCKS = YES;
				GCC_WARN_64_TO_32_BIT_CONVERSION = YES;
				GCC_WARN_ABOUT_RETURN_TYPE = YES_ERROR;
				GCC_WARN_UNDECLARED_SELECTOR = YES;
				GCC_WARN_UNINITIALIZED_AUTOS = YES_AGGRESSIVE;
				GCC_WARN_UNUSED_FUNCTION = YES;
				GCC_WARN_UNUSED_VARIABLE = YES;
				IPHONEOS_DEPLOYMENT_TARGET = 16.4;
				MTL_ENABLE_DEBUG_INFO = NO;
				MTL_FAST_MATH = YES;
				SDKROOT = iphoneos;
				SWIFT_COMPILATION_MODE = wholemodule;
				SWIFT_OPTIMIZATION_LEVEL = "-O";
				VALIDATE_PRODUCT = YES;
			};
			name = Release;
		};
		EED88CDA2C19D5E7005E6CD0 /* Debug */ = {
			isa = XCBuildConfiguration;
			buildSettings = {
				ASSETCATALOG_COMPILER_APPICON_NAME = AppIcon;
				ASSETCATALOG_COMPILER_GLOBAL_ACCENT_COLOR_NAME = AccentColor;
				CODE_SIGN_STYLE = Automatic;
				CURRENT_PROJECT_VERSION = 1;
				DEVELOPMENT_TEAM = 93TA7AZTCY;
				GENERATE_INFOPLIST_FILE = YES;
				INFOPLIST_FILE = "Guess The Doodle/Info.plist";
				INFOPLIST_KEY_UIApplicationSupportsIndirectInputEvents = YES;
				INFOPLIST_KEY_UILaunchStoryboardName = LaunchScreen;
				INFOPLIST_KEY_UIMainStoryboardFile = Main;
				INFOPLIST_KEY_UISupportedInterfaceOrientations_iPad = "UIInterfaceOrientationPortrait UIInterfaceOrientationPortraitUpsideDown UIInterfaceOrientationLandscapeLeft UIInterfaceOrientationLandscapeRight";
				INFOPLIST_KEY_UISupportedInterfaceOrientations_iPhone = "UIInterfaceOrientationPortrait UIInterfaceOrientationLandscapeLeft UIInterfaceOrientationLandscapeRight";
				LD_RUNPATH_SEARCH_PATHS = (
					"$(inherited)",
					"@executable_path/Frameworks",
				);
				MARKETING_VERSION = 1.0;
				PRODUCT_BUNDLE_IDENTIFIER = "com.salihkocat-rk.Guess-The-Doodle";
				PRODUCT_NAME = "$(TARGET_NAME)";
				SWIFT_EMIT_LOC_STRINGS = YES;
				SWIFT_VERSION = 5.0;
				TARGETED_DEVICE_FAMILY = "1,2";
			};
			name = Debug;
		};
		EED88CDB2C19D5E7005E6CD0 /* Release */ = {
			isa = XCBuildConfiguration;
			buildSettings = {
				ASSETCATALOG_COMPILER_APPICON_NAME = AppIcon;
				ASSETCATALOG_COMPILER_GLOBAL_ACCENT_COLOR_NAME = AccentColor;
				CODE_SIGN_STYLE = Automatic;
				CURRENT_PROJECT_VERSION = 1;
				DEVELOPMENT_TEAM = 93TA7AZTCY;
				GENERATE_INFOPLIST_FILE = YES;
				INFOPLIST_FILE = "Guess The Doodle/Info.plist";
				INFOPLIST_KEY_UIApplicationSupportsIndirectInputEvents = YES;
				INFOPLIST_KEY_UILaunchStoryboardName = LaunchScreen;
				INFOPLIST_KEY_UIMainStoryboardFile = Main;
				INFOPLIST_KEY_UISupportedInterfaceOrientations_iPad = "UIInterfaceOrientationPortrait UIInterfaceOrientationPortraitUpsideDown UIInterfaceOrientationLandscapeLeft UIInterfaceOrientationLandscapeRight";
				INFOPLIST_KEY_UISupportedInterfaceOrientations_iPhone = "UIInterfaceOrientationPortrait UIInterfaceOrientationLandscapeLeft UIInterfaceOrientationLandscapeRight";
				LD_RUNPATH_SEARCH_PATHS = (
					"$(inherited)",
					"@executable_path/Frameworks",
				);
				MARKETING_VERSION = 1.0;
				PRODUCT_BUNDLE_IDENTIFIER = "com.salihkocat-rk.Guess-The-Doodle";
				PRODUCT_NAME = "$(TARGET_NAME)";
				SWIFT_EMIT_LOC_STRINGS = YES;
				SWIFT_VERSION = 5.0;
				TARGETED_DEVICE_FAMILY = "1,2";
			};
			name = Release;
		};
/* End XCBuildConfiguration section */

/* Begin XCConfigurationList section */
		EED88CC02C19D5E6005E6CD0 /* Build configuration list for PBXProject "Guess The Doodle" */ = {
			isa = XCConfigurationList;
			buildConfigurations = (
				EED88CD72C19D5E7005E6CD0 /* Debug */,
				EED88CD82C19D5E7005E6CD0 /* Release */,
			);
			defaultConfigurationIsVisible = 0;
			defaultConfigurationName = Release;
		};
		EED88CD92C19D5E7005E6CD0 /* Build configuration list for PBXNativeTarget "Guess The Doodle" */ = {
			isa = XCConfigurationList;
			buildConfigurations = (
				EED88CDA2C19D5E7005E6CD0 /* Debug */,
				EED88CDB2C19D5E7005E6CD0 /* Release */,
			);
			defaultConfigurationIsVisible = 0;
			defaultConfigurationName = Release;
		};
/* End XCConfigurationList section */
	};
	rootObject = EED88CBD2C19D5E6005E6CD0 /* Project object */;
}
